
Microsoft Visual Studio Solution File, Format Version 12.00
# Visual Studio Version 17
VisualStudioVersion = 17.0.31903.59
MinimumVisualStudioVersion = 10.0.40219.1
Project("{FAE04EC0-301F-11D3-BF4B-00C04F79EFBC}") = "Serilog.ConsoleApp.Net8", "Net8\Serilog.ConsoleApp.Net8\Serilog.ConsoleApp.Net8.csproj", "{B1C93A88-B8CF-79AC-91A2-438777EDBEB5}"
EndProject
Project("{FAE04EC0-301F-11D3-BF4B-00C04F79EFBC}") = "Serilog.ConsoleApp.Net9", "Net9\Serilog.ConsoleApp.Net9\Serilog.ConsoleApp.Net9.csproj", "{C7F9A91D-E0DF-8DBA-882A-4177512BFAA3}"
EndProject
Project("{FAE04EC0-301F-11D3-BF4B-00C04F79EFBC}") = "Serilog.ConsoleApp.Net6", "Net6\Serilog.ConsoleApp.Net6\Serilog.ConsoleApp.Net6.csproj", "{4744B3D1-B2D4-A578-9BD2-FEBDE5E64566}"
EndProject
Project("{FAE04EC0-301F-11D3-BF4B-00C04F79EFBC}") = "Serilog.ConsoleApp.Net5", "Net5\Serilog.ConsoleApp.Net5\Serilog.ConsoleApp.Net5.csproj", "{75E71B55-5A6F-B8D8-F7B5-A5E917ED2C50}"
EndProject
Global
	GlobalSection(SolutionConfigurationPlatforms) = preSolution
		Debug|Any CPU = Debug|Any CPU
		Release|Any CPU = Release|Any CPU
	EndGlobalSection
	GlobalSection(ProjectConfigurationPlatforms) = postSolution
		{B1C93A88-B8CF-79AC-91A2-438777EDBEB5}.Debug|Any CPU.ActiveCfg = Debug|Any CPU
		{B1C93A88-B8CF-79AC-91A2-438777EDBEB5}.Debug|Any CPU.Build.0 = Debug|Any CPU
		{B1C93A88-B8CF-79AC-91A2-438777EDBEB5}.Release|Any CPU.ActiveCfg = Release|Any CPU
		{B1C93A88-B8CF-79AC-91A2-438777EDBEB5}.Release|Any CPU.Build.0 = Release|Any CPU
		{C7F9A91D-E0DF-8DBA-882A-4177512BFAA3}.Debug|Any CPU.ActiveCfg = Debug|Any CPU
		{C7F9A91D-E0DF-8DBA-882A-4177512BFAA3}.Debug|Any CPU.Build.0 = Debug|Any CPU
		{C7F9A91D-E0DF-8DBA-882A-4177512BFAA3}.Release|Any CPU.ActiveCfg = Release|Any CPU
		{C7F9A91D-E0DF-8DBA-882A-4177512BFAA3}.Release|Any CPU.Build.0 = Release|Any CPU
		{4744B3D1-B2D4-A578-9BD2-FEBDE5E64566}.Debug|Any CPU.ActiveCfg = Debug|Any CPU
		{4744B3D1-B2D4-A578-9BD2-FEBDE5E64566}.Debug|Any CPU.Build.0 = Debug|Any CPU
		{4744B3D1-B2D4-A578-9BD2-FEBDE5E64566}.Release|Any CPU.ActiveCfg = Release|Any CPU
		{4744B3D1-B2D4-A578-9BD2-FEBDE5E64566}.Release|Any CPU.Build.0 = Release|Any CPU
		{75E71B55-5A6F-B8D8-F7B5-A5E917ED2C50}.Debug|Any CPU.ActiveCfg = Debug|Any CPU
		{75E71B55-5A6F-B8D8-F7B5-A5E917ED2C50}.Debug|Any CPU.Build.0 = Debug|Any CPU
		{75E71B55-5A6F-B8D8-F7B5-A5E917ED2C50}.Release|Any CPU.ActiveCfg = Release|Any CPU
		{75E71B55-5A6F-B8D8-F7B5-A5E917ED2C50}.Release|Any CPU.Build.0 = Release|Any CPU
	EndGlobalSection
	GlobalSection(SolutionProperties) = preSolution
		HideSolutionNode = FALSE
	EndGlobalSection
	GlobalSection(ExtensibilityGlobals) = postSolution
		SolutionGuid = {ACBE1B5C-557B-4E2B-8204-5894CA29DD51}
	EndGlobalSection
EndGlobal
